// !$*UTF8*$!
{
	archiveVersion = 1;
	classes = {
	};
	objectVersion = 55;
	objects = {

/* Begin PBXBuildFile section */
		77BC6899279AC63B00660EE5 /* SetGameApp.swift in Sources */ = {isa = PBXBuildFile; fileRef = 77BC6898279AC63B00660EE5 /* SetGameApp.swift */; };
		77BC689B279AC63B00660EE5 /* SetGameView.swift in Sources */ = {isa = PBXBuildFile; fileRef = 77BC689A279AC63B00660EE5 /* SetGameView.swift */; };
		77BC689D279AC63D00660EE5 /* Assets.xcassets in Resources */ = {isa = PBXBuildFile; fileRef = 77BC689C279AC63D00660EE5 /* Assets.xcassets */; };
		77BC68A0279AC63D00660EE5 /* Preview Assets.xcassets in Resources */ = {isa = PBXBuildFile; fileRef = 77BC689F279AC63D00660EE5 /* Preview Assets.xcassets */; };
		77BC68AA279AC6DA00660EE5 /* SetGameVM.swift in Sources */ = {isa = PBXBuildFile; fileRef = 77BC68A9279AC6DA00660EE5 /* SetGameVM.swift */; };
		77BC68AC279AC6E800660EE5 /* SetGameModel.swift in Sources */ = {isa = PBXBuildFile; fileRef = 77BC68AB279AC6E800660EE5 /* SetGameModel.swift */; };
		77BC68AE279AC7E400660EE5 /* ShapeLogic.swift in Sources */ = {isa = PBXBuildFile; fileRef = 77BC68AD279AC7E400660EE5 /* ShapeLogic.swift */; };
		77BC68B0279AC99E00660EE5 /* AspectVGrid.swift in Sources */ = {isa = PBXBuildFile; fileRef = 77BC68AF279AC99E00660EE5 /* AspectVGrid.swift */; };
		77CA9D4227A068F900C2165D /* Selectify.swift in Sources */ = {isa = PBXBuildFile; fileRef = 77CA9D4127A068F900C2165D /* Selectify.swift */; };
/* End PBXBuildFile section */

/* Begin PBXFileReference section */
		77BC6895279AC63B00660EE5 /* SetGame.app */ = {isa = PBXFileReference; explicitFileType = wrapper.application; includeInIndex = 0; path = SetGame.app; sourceTree = BUILT_PRODUCTS_DIR; };
		77BC6898279AC63B00660EE5 /* SetGameApp.swift */ = {isa = PBXFileReference; lastKnownFileType = sourcecode.swift; path = SetGameApp.swift; sourceTree = "<group>"; };
		77BC689A279AC63B00660EE5 /* SetGameView.swift */ = {isa = PBXFileReference; lastKnownFileType = sourcecode.swift; path = SetGameView.swift; sourceTree = "<group>"; };
		77BC689C279AC63D00660EE5 /* Assets.xcassets */ = {isa = PBXFileReference; lastKnownFileType = folder.assetcatalog; path = Assets.xcassets; sourceTree = "<group>"; };
		77BC689F279AC63D00660EE5 /* Preview Assets.xcassets */ = {isa = PBXFileReference; lastKnownFileType = folder.assetcatalog; path = "Preview Assets.xcassets"; sourceTree = "<group>"; };
		77BC68A9279AC6DA00660EE5 /* SetGameVM.swift */ = {isa = PBXFileReference; lastKnownFileType = sourcecode.swift; path = SetGameVM.swift; sourceTree = "<group>"; };
		77BC68AB279AC6E800660EE5 /* SetGameModel.swift */ = {isa = PBXFileReference; lastKnownFileType = sourcecode.swift; path = SetGameModel.swift; sourceTree = "<group>"; };
		77BC68AD279AC7E400660EE5 /* ShapeLogic.swift */ = {isa = PBXFileReference; lastKnownFileType = sourcecode.swift; path = ShapeLogic.swift; sourceTree = "<group>"; };
		77BC68AF279AC99E00660EE5 /* AspectVGrid.swift */ = {isa = PBXFileReference; lastKnownFileType = sourcecode.swift; path = AspectVGrid.swift; sourceTree = "<group>"; };
		77CA9D4127A068F900C2165D /* Selectify.swift */ = {isa = PBXFileReference; lastKnownFileType = sourcecode.swift; path = Selectify.swift; sourceTree = "<group>"; };
/* End PBXFileReference section */

/* Begin PBXFrameworksBuildPhase section */
		77BC6892279AC63B00660EE5 /* Frameworks */ = {
			isa = PBXFrameworksBuildPhase;
			buildActionMask = 2147483647;
			files = (
			);
			runOnlyForDeploymentPostprocessing = 0;
		};
/* End PBXFrameworksBuildPhase section */

/* Begin PBXGroup section */
		77BC688C279AC63B00660EE5 = {
			isa = PBXGroup;
			children = (
				77BC6897279AC63B00660EE5 /* SetGame */,
				77BC6896279AC63B00660EE5 /* Products */,
			);
			sourceTree = "<group>";
		};
		77BC6896279AC63B00660EE5 /* Products */ = {
			isa = PBXGroup;
			children = (
				77BC6895279AC63B00660EE5 /* SetGame.app */,
			);
			name = Products;
			sourceTree = "<group>";
		};
		77BC6897279AC63B00660EE5 /* SetGame */ = {
			isa = PBXGroup;
			children = (
				77BC6898279AC63B00660EE5 /* SetGameApp.swift */,
				77BC68A6279AC68500660EE5 /* View */,
				77BC68A7279AC68D00660EE5 /* View Model */,
				77BC68A8279AC6A900660EE5 /* Model */,
				77BC689C279AC63D00660EE5 /* Assets.xcassets */,
				77BC689E279AC63D00660EE5 /* Preview Content */,
			);
			path = SetGame;
			sourceTree = "<group>";
		};
		77BC689E279AC63D00660EE5 /* Preview Content */ = {
			isa = PBXGroup;
			children = (
				77BC689F279AC63D00660EE5 /* Preview Assets.xcassets */,
			);
			path = "Preview Content";
			sourceTree = "<group>";
		};
		77BC68A6279AC68500660EE5 /* View */ = {
			isa = PBXGroup;
			children = (
				77BC689A279AC63B00660EE5 /* SetGameView.swift */,
				77BC68AF279AC99E00660EE5 /* AspectVGrid.swift */,
				77CA9D4127A068F900C2165D /* Selectify.swift */,
			);
			path = View;
			sourceTree = "<group>";
		};
		77BC68A7279AC68D00660EE5 /* View Model */ = {
			isa = PBXGroup;
			children = (
				77BC68A9279AC6DA00660EE5 /* SetGameVM.swift */,
				77BC68AD279AC7E400660EE5 /* ShapeLogic.swift */,
			);
			path = "View Model";
			sourceTree = "<group>";
		};
		77BC68A8279AC6A900660EE5 /* Model */ = {
			isa = PBXGroup;
			children = (
				77BC68AB279AC6E800660EE5 /* SetGameModel.swift */,
			);
			path = Model;
			sourceTree = "<group>";
		};
/* End PBXGroup section */

/* Begin PBXNativeTarget section */
		77BC6894279AC63B00660EE5 /* SetGame */ = {
			isa = PBXNativeTarget;
			buildConfigurationList = 77BC68A3279AC63D00660EE5 /* Build configuration list for PBXNativeTarget "SetGame" */;
			buildPhases = (
				77BC6891279AC63B00660EE5 /* Sources */,
				77BC6892279AC63B00660EE5 /* Frameworks */,
				77BC6893279AC63B00660EE5 /* Resources */,
			);
			buildRules = (
			);
			dependencies = (
			);
			name = SetGame;
			productName = SetGame;
			productReference = 77BC6895279AC63B00660EE5 /* SetGame.app */;
			productType = "com.apple.product-type.application";
		};
/* End PBXNativeTarget section */

/* Begin PBXProject section */
		77BC688D279AC63B00660EE5 /* Project object */ = {
			isa = PBXProject;
			attributes = {
				BuildIndependentTargetsInParallel = 1;
				LastSwiftUpdateCheck = 1320;
				LastUpgradeCheck = 1320;
				TargetAttributes = {
					77BC6894279AC63B00660EE5 = {
						CreatedOnToolsVersion = 13.2.1;
					};
				};
			};
			buildConfigurationList = 77BC6890279AC63B00660EE5 /* Build configuration list for PBXProject "SetGame" */;
			compatibilityVersion = "Xcode 13.0";
			developmentRegion = en;
			hasScannedForEncodings = 0;
			knownRegions = (
				en,
				Base,
			);
			mainGroup = 77BC688C279AC63B00660EE5;
			productRefGroup = 77BC6896279AC63B00660EE5 /* Products */;
			projectDirPath = "";
			projectRoot = "";
			targets = (
				77BC6894279AC63B00660EE5 /* SetGame */,
			);
		};
/* End PBXProject section */

/* Begin PBXResourcesBuildPhase section */
		77BC6893279AC63B00660EE5 /* Resources */ = {
			isa = PBXResourcesBuildPhase;
			buildActionMask = 2147483647;
			files = (
				77BC68A0279AC63D00660EE5 /* Preview Assets.xcassets in Resources */,
				77BC689D279AC63D00660EE5 /* Assets.xcassets in Resources */,
			);
			runOnlyForDeploymentPostprocessing = 0;
		};
/* End PBXResourcesBuildPhase section */

/* Begin PBXSourcesBuildPhase section */
		77BC6891279AC63B00660EE5 /* Sources */ = {
			isa = PBXSourcesBuildPhase;
			buildActionMask = 2147483647;
			files = (
				77BC68AC279AC6E800660EE5 /* SetGameModel.swift in Sources */,
				77CA9D4227A068F900C2165D /* Selectify.swift in Sources */,
				77BC689B279AC63B00660EE5 /* SetGameView.swift in Sources */,
				77BC68B0279AC99E00660EE5 /* AspectVGrid.swift in Sources */,
				77BC68AA279AC6DA00660EE5 /* SetGameVM.swift in Sources */,
				77BC68AE279AC7E400660EE5 /* ShapeLogic.swift in Sources */,
				77BC6899279AC63B00660EE5 /* SetGameApp.swift in Sources */,
			);
			runOnlyForDeploymentPostprocessing = 0;
		};
/* End PBXSourcesBuildPhase section */

/* Begin XCBuildConfiguration section */
		77BC68A1279AC63D00660EE5 /* Debug */ = {
			isa = XCBuildConfiguration;
			buildSettings = {
				ALWAYS_SEARCH_USER_PATHS = NO;
				CLANG_ANALYZER_NONNULL = YES;
				CLANG_ANALYZER_NUMBER_OBJECT_CONVERSION = YES_AGGRESSIVE;
				CLANG_CXX_LANGUAGE_STANDARD = "gnu++17";
				CLANG_CXX_LIBRARY = "libc++";
				CLANG_ENABLE_MODULES = YES;
				CLANG_ENABLE_OBJC_ARC = YES;
				CLANG_ENABLE_OBJC_WEAK = YES;
				CLANG_WARN_BLOCK_CAPTURE_AUTORELEASING = YES;
				CLANG_WARN_BOOL_CONVERSION = YES;
				CLANG_WARN_COMMA = YES;
				CLANG_WARN_CONSTANT_CONVERSION = YES;
				CLANG_WARN_DEPRECATED_OBJC_IMPLEMENTATIONS = YES;
				CLANG_WARN_DIRECT_OBJC_ISA_USAGE = YES_ERROR;
				CLANG_WARN_DOCUMENTATION_COMMENTS = YES;
				CLANG_WARN_EMPTY_BODY = YES;
				CLANG_WARN_ENUM_CONVERSION = YES;
				CLANG_WARN_INFINITE_RECURSION = YES;
				CLANG_WARN_INT_CONVERSION = YES;
				CLANG_WARN_NON_LITERAL_NULL_CONVERSION = YES;
				CLANG_WARN_OBJC_IMPLICIT_RETAIN_SELF = YES;
				CLANG_WARN_OBJC_LITERAL_CONVERSION = YES;
				CLANG_WARN_OBJC_ROOT_CLASS = YES_ERROR;
				CLANG_WARN_QUOTED_INCLUDE_IN_FRAMEWORK_HEADER = YES;
				CLANG_WARN_RANGE_LOOP_ANALYSIS = YES;
				CLANG_WARN_STRICT_PROTOTYPES = YES;
				CLANG_WARN_SUSPICIOUS_MOVE = YES;
				CLANG_WARN_UNGUARDED_AVAILABILITY = YES_AGGRESSIVE;
				CLANG_WARN_UNREACHABLE_CODE = YES;
				CLANG_WARN__DUPLICATE_METHOD_MATCH = YES;
				COPY_PHASE_STRIP = NO;
				DEBUG_INFORMATION_FORMAT = dwarf;
				ENABLE_STRICT_OBJC_MSGSEND = YES;
				ENABLE_TESTABILITY = YES;
				GCC_C_LANGUAGE_STANDARD = gnu11;
				GCC_DYNAMIC_NO_PIC = NO;
				GCC_NO_COMMON_BLOCKS = YES;
				GCC_OPTIMIZATION_LEVEL = 0;
				GCC_PREPROCESSOR_DEFINITIONS = (
					"DEBUG=1",
					"$(inherited)",
				);
				GCC_WARN_64_TO_32_BIT_CONVERSION = YES;
				GCC_WARN_ABOUT_RETURN_TYPE = YES_ERROR;
				GCC_WARN_UNDECLARED_SELECTOR = YES;
				GCC_WARN_UNINITIALIZED_AUTOS = YES_AGGRESSIVE;
				GCC_WARN_UNUSED_FUNCTION = YES;
				GCC_WARN_UNUSED_VARIABLE = YES;
				IPHONEOS_DEPLOYMENT_TARGET = 15.2;
				MTL_ENABLE_DEBUG_INFO = INCLUDE_SOURCE;
				MTL_FAST_MATH = YES;
				ONLY_ACTIVE_ARCH = YES;
				SDKROOT = iphoneos;
				SWIFT_ACTIVE_COMPILATION_CONDITIONS = DEBUG;
				SWIFT_OPTIMIZATION_LEVEL = "-Onone";
			};
			name = Debug;
		};
		77BC68A2279AC63D00660EE5 /* Release */ = {
			isa = XCBuildConfiguration;
			buildSettings = {
				ALWAYS_SEARCH_USER_PATHS = NO;
				CLANG_ANALYZER_NONNULL = YES;
				CLANG_ANALYZER_NUMBER_OBJECT_CONVERSION = YES_AGGRESSIVE;
				CLANG_CXX_LANGUAGE_STANDARD = "gnu++17";
				CLANG_CXX_LIBRARY = "libc++";
				CLANG_ENABLE_MODULES = YES;
				CLANG_ENABLE_OBJC_ARC = YES;
				CLANG_ENABLE_OBJC_WEAK = YES;
				CLANG_WARN_BLOCK_CAPTURE_AUTORELEASING = YES;
				CLANG_WARN_BOOL_CONVERSION = YES;
				CLANG_WARN_COMMA = YES;
				CLANG_WARN_CONSTANT_CONVERSION = YES;
				CLANG_WARN_DEPRECATED_OBJC_IMPLEMENTATIONS = YES;
				CLANG_WARN_DIRECT_OBJC_ISA_USAGE = YES_ERROR;
				CLANG_WARN_DOCUMENTATION_COMMENTS = YES;
				CLANG_WARN_EMPTY_BODY = YES;
				CLANG_WARN_ENUM_CONVERSION = YES;
				CLANG_WARN_INFINITE_RECURSION = YES;
				CLANG_WARN_INT_CONVERSION = YES;
				CLANG_WARN_NON_LITERAL_NULL_CONVERSION = YES;
				CLANG_WARN_OBJC_IMPLICIT_RETAIN_SELF = YES;
				CLANG_WARN_OBJC_LITERAL_CONVERSION = YES;
				CLANG_WARN_OBJC_ROOT_CLASS = YES_ERROR;
				CLANG_WARN_QUOTED_INCLUDE_IN_FRAMEWORK_HEADER = YES;
				CLANG_WARN_RANGE_LOOP_ANALYSIS = YES;
				CLANG_WARN_STRICT_PROTOTYPES = YES;
				CLANG_WARN_SUSPICIOUS_MOVE = YES;
				CLANG_WARN_UNGUARDED_AVAILABILITY = YES_AGGRESSIVE;
				CLANG_WARN_UNREACHABLE_CODE = YES;
				CLANG_WARN__DUPLICATE_METHOD_MATCH = YES;
				COPY_PHASE_STRIP = NO;
				DEBUG_INFORMATION_FORMAT = "dwarf-with-dsym";
				ENABLE_NS_ASSERTIONS = NO;
				ENABLE_STRICT_OBJC_MSGSEND = YES;
				GCC_C_LANGUAGE_STANDARD = gnu11;
				GCC_NO_COMMON_BLOCKS = YES;
				GCC_WARN_64_TO_32_BIT_CONVERSION = YES;
				GCC_WARN_ABOUT_RETURN_TYPE = YES_ERROR;
				GCC_WARN_UNDECLARED_SELECTOR = YES;
				GCC_WARN_UNINITIALIZED_AUTOS = YES_AGGRESSIVE;
				GCC_WARN_UNUSED_FUNCTION = YES;
				GCC_WARN_UNUSED_VARIABLE = YES;
				IPHONEOS_DEPLOYMENT_TARGET = 15.2;
				MTL_ENABLE_DEBUG_INFO = NO;
				MTL_FAST_MATH = YES;
				SDKROOT = iphoneos;
				SWIFT_COMPILATION_MODE = wholemodule;
				SWIFT_OPTIMIZATION_LEVEL = "-O";
				VALIDATE_PRODUCT = YES;
			};
			name = Release;
		};
		77BC68A4279AC63D00660EE5 /* Debug */ = {
			isa = XCBuildConfiguration;
			buildSettings = {
				ASSETCATALOG_COMPILER_APPICON_NAME = AppIcon;
				ASSETCATALOG_COMPILER_GLOBAL_ACCENT_COLOR_NAME = AccentColor;
				CODE_SIGN_STYLE = Automatic;
				CURRENT_PROJECT_VERSION = 1;
				DEVELOPMENT_ASSET_PATHS = "\"SetGame/Preview Content\"";
				DEVELOPMENT_TEAM = ZQXV2YB52C;
				ENABLE_PREVIEWS = YES;
				GENERATE_INFOPLIST_FILE = YES;
				INFOPLIST_KEY_UIApplicationSceneManifest_Generation = YES;
				INFOPLIST_KEY_UIApplicationSupportsIndirectInputEvents = YES;
				INFOPLIST_KEY_UILaunchScreen_Generation = YES;
				INFOPLIST_KEY_UISupportedInterfaceOrientations_iPad = "UIInterfaceOrientationPortrait UIInterfaceOrientationPortraitUpsideDown UIInterfaceOrientationLandscapeLeft UIInterfaceOrientationLandscapeRight";
				INFOPLIST_KEY_UISupportedInterfaceOrientations_iPhone = "UIInterfaceOrientationPortrait UIInterfaceOrientationLandscapeLeft UIInterfaceOrientationLandscapeRight";
				LD_RUNPATH_SEARCH_PATHS = (
					"$(inherited)",
					"@executable_path/Frameworks",
				);
				MARKETING_VERSION = 1.0;
				PRODUCT_BUNDLE_IDENTIFIER = "ade-studios.SetGame";
				PRODUCT_NAME = "$(TARGET_NAME)";
				SWIFT_EMIT_LOC_STRINGS = YES;
				SWIFT_VERSION = 5.0;
				TARGETED_DEVICE_FAMILY = "1,2";
			};
			name = Debug;
		};
		77BC68A5279AC63D00660EE5 /* Release */ = {
			isa = XCBuildConfiguration;
			buildSettings = {
				ASSETCATALOG_COMPILER_APPICON_NAME = AppIcon;
				ASSETCATALOG_COMPILER_GLOBAL_ACCENT_COLOR_NAME = AccentColor;
				CODE_SIGN_STYLE = Automatic;
				CURRENT_PROJECT_VERSION = 1;
				DEVELOPMENT_ASSET_PATHS = "\"SetGame/Preview Content\"";
				DEVELOPMENT_TEAM = ZQXV2YB52C;
				ENABLE_PREVIEWS = YES;
				GENERATE_INFOPLIST_FILE = YES;
				INFOPLIST_KEY_UIApplicationSceneManifest_Generation = YES;
				INFOPLIST_KEY_UIApplicationSupportsIndirectInputEvents = YES;
				INFOPLIST_KEY_UILaunchScreen_Generation = YES;
				INFOPLIST_KEY_UISupportedInterfaceOrientations_iPad = "UIInterfaceOrientationPortrait UIInterfaceOrientationPortraitUpsideDown UIInterfaceOrientationLandscapeLeft UIInterfaceOrientationLandscapeRight";
				INFOPLIST_KEY_UISupportedInterfaceOrientations_iPhone = "UIInterfaceOrientationPortrait UIInterfaceOrientationLandscapeLeft UIInterfaceOrientationLandscapeRight";
				LD_RUNPATH_SEARCH_PATHS = (
					"$(inherited)",
					"@executable_path/Frameworks",
				);
				MARKETING_VERSION = 1.0;
				PRODUCT_BUNDLE_IDENTIFIER = "ade-studios.SetGame";
				PRODUCT_NAME = "$(TARGET_NAME)";
				SWIFT_EMIT_LOC_STRINGS = YES;
				SWIFT_VERSION = 5.0;
				TARGETED_DEVICE_FAMILY = "1,2";
			};
			name = Release;
		};
/* End XCBuildConfiguration section */

/* Begin XCConfigurationList section */
		77BC6890279AC63B00660EE5 /* Build configuration list for PBXProject "SetGame" */ = {
			isa = XCConfigurationList;
			buildConfigurations = (
				77BC68A1279AC63D00660EE5 /* Debug */,
				77BC68A2279AC63D00660EE5 /* Release */,
			);
			defaultConfigurationIsVisible = 0;
			defaultConfigurationName = Release;
		};
		77BC68A3279AC63D00660EE5 /* Build configuration list for PBXNativeTarget "SetGame" */ = {
			isa = XCConfigurationList;
			buildConfigurations = (
				77BC68A4279AC63D00660EE5 /* Debug */,
				77BC68A5279AC63D00660EE5 /* Release */,
			);
			defaultConfigurationIsVisible = 0;
			defaultConfigurationName = Release;
		};
/* End XCConfigurationList section */
	};
	rootObject = 77BC688D279AC63B00660EE5 /* Project object */;
}
